PODS:
  - MJRefresh (3.1.0)
  - SVProgressHUD (2.0.3)
  - YYKit (1.0.5):
    - YYKit/no-arc (= 1.0.5)
  - YYKit/no-arc (1.0.5)

DEPENDENCIES:
  - MJRefresh
  - SVProgressHUD
  - YYKit

SPEC CHECKSUMS:
  MJRefresh: 743e6404967d1c2c688472ea3ecfde247d872db4
  SVProgressHUD: b0830714205bea1317ea1a2ebc71e5633af334d4
  YYKit: f2654fe525de2283648db957bddb37ddd8e06549

COCOAPODS: 0.39.0
